PODS:
  - FacebookSDK (11.2.1):
    - FacebookSDK/AEMKit (= 11.2.1)
    - FacebookSDK/Basics (= 11.2.1)
    - FacebookSDK/CoreKit (= 11.2.1)
    - FacebookSDK/LoginKit (= 11.2.1)
    - FacebookSDK/ShareKit (= 11.2.1)
    - FacebookSDK/TVOSKit (= 11.2.1)
  - FacebookSDK/AEMKit (11.2.1):
    - FacebookSDK/Basics
  - FacebookSDK/Basics (11.2.1)

DEPENDENCIES:
  - FacebookSDK (~> 11.2)

SPEC REPOS:
  trunk:
    - FacebookSDK

SPEC CHECKSUMS:
  FacebookSDK: b9c123df2ed622faadd8b546632ae8048d1f9b28

PODFILE CHECKSUM: badb44f88bc8c23aabbd709ad6c979c278b95352

COCOAPODS: 1.11.2
